
Microsoft Visual Studio Solution File, Format Version 12.00
# Visual Studio Version 17
VisualStudioVersion = 17.4.33110.190
MinimumVisualStudioVersion = 10.0.40219.1
Project("{FAE04EC0-301F-11D3-BF4B-00C04F79EFBC}") = "WordFinder", "WordFinder\WordFinder.csproj", "{6E550808-1E37-4B38-91D4-3AC9AACA8140}"
EndProject
Project("{FAE04EC0-301F-11D3-BF4B-00C04F79EFBC}") = "WordFinder.App", "WordFinder.App\WordFinder.App.csproj", "{744164F2-29F8-4CA4-A90D-D6311671B646}"
EndProject
Project("{FAE04EC0-301F-11D3-BF4B-00C04F79EFBC}") = "WordFinder.Tests", "WordFinder.Tests\WordFinder.Tests.csproj", "{120DB47D-1E45-4548-BCA6-43AD37F0606F}"
EndProject
Global
	GlobalSection(SolutionConfigurationPlatforms) = preSolution
		Debug|Any CPU = Debug|Any CPU
		Release|Any CPU = Release|Any CPU
	EndGlobalSection
	GlobalSection(ProjectConfigurationPlatforms) = postSolution
		{6E550808-1E37-4B38-91D4-3AC9AACA8140}.Debug|Any CPU.ActiveCfg = Debug|Any CPU
		{6E550808-1E37-4B38-91D4-3AC9AACA8140}.Debug|Any CPU.Build.0 = Debug|Any CPU
		{6E550808-1E37-4B38-91D4-3AC9AACA8140}.Release|Any CPU.ActiveCfg = Release|Any CPU
		{6E550808-1E37-4B38-91D4-3AC9AACA8140}.Release|Any CPU.Build.0 = Release|Any CPU
		{744164F2-29F8-4CA4-A90D-D6311671B646}.Debug|Any CPU.ActiveCfg = Debug|Any CPU
		{744164F2-29F8-4CA4-A90D-D6311671B646}.Debug|Any CPU.Build.0 = Debug|Any CPU
		{744164F2-29F8-4CA4-A90D-D6311671B646}.Release|Any CPU.ActiveCfg = Release|Any CPU
		{744164F2-29F8-4CA4-A90D-D6311671B646}.Release|Any CPU.Build.0 = Release|Any CPU
		{120DB47D-1E45-4548-BCA6-43AD37F0606F}.Debug|Any CPU.ActiveCfg = Debug|Any CPU
		{120DB47D-1E45-4548-BCA6-43AD37F0606F}.Debug|Any CPU.Build.0 = Debug|Any CPU
		{120DB47D-1E45-4548-BCA6-43AD37F0606F}.Release|Any CPU.ActiveCfg = Release|Any CPU
		{120DB47D-1E45-4548-BCA6-43AD37F0606F}.Release|Any CPU.Build.0 = Release|Any CPU
	EndGlobalSection
	GlobalSection(SolutionProperties) = preSolution
		HideSolutionNode = FALSE
	EndGlobalSection
	GlobalSection(ExtensibilityGlobals) = postSolution
		SolutionGuid = {5289944B-1C58-4421-A022-0FF12669C919}
	EndGlobalSection
EndGlobal
